
Microsoft Visual Studio Solution File, Format Version 12.00
# Visual Studio Version 16
VisualStudioVersion = 16.0.33130.400
MinimumVisualStudioVersion = 10.0.40219.1
Project("{FAE04EC0-301F-11D3-BF4B-00C04F79EFBC}") = "Songul_Kosak_211103058", "Songul_Kosak_211103058\Songul_Kosak_211103058.csproj", "{854AC957-4697-4961-B929-B8597CEA6A12}"
EndProject
Global
	GlobalSection(SolutionConfigurationPlatforms) = preSolution
		Debug|Any CPU = Debug|Any CPU
		Release|Any CPU = Release|Any CPU
	EndGlobalSection
	GlobalSection(ProjectConfigurationPlatforms) = postSolution
		{854AC957-4697-4961-B929-B8597CEA6A12}.Debug|Any CPU.ActiveCfg = Debug|Any CPU
		{854AC957-4697-4961-B929-B8597CEA6A12}.Debug|Any CPU.Build.0 = Debug|Any CPU
		{854AC957-4697-4961-B929-B8597CEA6A12}.Release|Any CPU.ActiveCfg = Release|Any CPU
		{854AC957-4697-4961-B929-B8597CEA6A12}.Release|Any CPU.Build.0 = Release|Any CPU
	EndGlobalSection
	GlobalSection(SolutionProperties) = preSolution
		HideSolutionNode = FALSE
	EndGlobalSection
	GlobalSection(ExtensibilityGlobals) = postSolution
		SolutionGuid = {300824C0-EE26-4933-BFC8-19EDFF4A392D}
	EndGlobalSection
EndGlobal
